{
  "name": "storefront-js",
  "version": "1.0.0",
  "lockfileVersion": 3,
  "requires": true,
  "packages": {
    "": {
      "name": "storefront-js",
      "version": "1.0.0",
      "license": "ISC",
      "workspaces": [
        "storefront-app",
        "storefront-server"
      ]
    },
    "node_modules/storefront-app": {
      "resolved": "storefront-app",
      "link": true
    },
    "node_modules/storefront-server": {
      "resolved": "storefront-server",
      "link": true
    },
    "storefront-app": {
      "version": "1.0.0",
      "license": "ISC"
    },
    "storefront-server": {
      "version": "1.0.0",
      "license": "ISC",
      "devDependencies": {}
    }
  }
}
